
Microsoft Visual Studio Solution File, Format Version 12.00
# Visual Studio 15
VisualStudioVersion = 15.0.27428.2037
MinimumVisualStudioVersion = 10.0.40219.1
Project("{FAE04EC0-301F-11D3-BF4B-00C04F79EFBC}") = "mobilePhoneSalesWebSite", "mobilePhoneSalesWebSite\mobilePhoneSalesWebSite.csproj", "{7BF57F44-5C3A-4C51-B2A4-096960FE5E14}"
EndProject
Global
	GlobalSection(SolutionConfigurationPlatforms) = preSolution
		Debug|Any CPU = Debug|Any CPU
		Release|Any CPU = Release|Any CPU
	EndGlobalSection
	GlobalSection(ProjectConfigurationPlatforms) = postSolution
		{7BF57F44-5C3A-4C51-B2A4-096960FE5E14}.Debug|Any CPU.ActiveCfg = Debug|Any CPU
		{7BF57F44-5C3A-4C51-B2A4-096960FE5E14}.Debug|Any CPU.Build.0 = Debug|Any CPU
		{7BF57F44-5C3A-4C51-B2A4-096960FE5E14}.Release|Any CPU.ActiveCfg = Release|Any CPU
		{7BF57F44-5C3A-4C51-B2A4-096960FE5E14}.Release|Any CPU.Build.0 = Release|Any CPU
	EndGlobalSection
	GlobalSection(SolutionProperties) = preSolution
		HideSolutionNode = FALSE
	EndGlobalSection
	GlobalSection(ExtensibilityGlobals) = postSolution
		SolutionGuid = {5BFD352E-8494-4CF6-9B4B-39753FC80E54}
	EndGlobalSection
EndGlobal
